
Microsoft Visual Studio Solution File, Format Version 11.00
# Visual Studio 2010
Project("{FAE04EC0-301F-11D3-BF4B-00C04F79EFBC}") = "Assembly-CSharp", "Assembly-CSharp.csproj", "{87AD9E34-78D4-586E-7A01-3A7B0674E318}"
EndProject
Project("{FAE04EC0-301F-11D3-BF4B-00C04F79EFBC}") = "Assembly-CSharp-firstpass", "Assembly-CSharp-firstpass.csproj", "{3D3F1207-964D-57DA-D7C0-897FFFEA96D6}"
EndProject
Project("{FAE04EC0-301F-11D3-BF4B-00C04F79EFBC}") = "Assembly-CSharp-Editor-firstpass", "Assembly-CSharp-Editor-firstpass.csproj", "{EBD73130-C5C0-BC40-D778-32B6F306276A}"
EndProject
Global
	GlobalSection(SolutionConfigurationPlatforms) = preSolution
		Debug|Any CPU = Debug|Any CPU
		Release|Any CPU = Release|Any CPU
	EndGlobalSection
	GlobalSection(ProjectConfigurationPlatforms) = postSolution
		{87AD9E34-78D4-586E-7A01-3A7B0674E318}.Debug|Any CPU.ActiveCfg = Debug|Any CPU
		{87AD9E34-78D4-586E-7A01-3A7B0674E318}.Debug|Any CPU.Build.0 = Debug|Any CPU
		{87AD9E34-78D4-586E-7A01-3A7B0674E318}.Release|Any CPU.ActiveCfg = Release|Any CPU
		{87AD9E34-78D4-586E-7A01-3A7B0674E318}.Release|Any CPU.Build.0 = Release|Any CPU
		{3D3F1207-964D-57DA-D7C0-897FFFEA96D6}.Debug|Any CPU.ActiveCfg = Debug|Any CPU
		{3D3F1207-964D-57DA-D7C0-897FFFEA96D6}.Debug|Any CPU.Build.0 = Debug|Any CPU
		{3D3F1207-964D-57DA-D7C0-897FFFEA96D6}.Release|Any CPU.ActiveCfg = Release|Any CPU
		{3D3F1207-964D-57DA-D7C0-897FFFEA96D6}.Release|Any CPU.Build.0 = Release|Any CPU
		{EBD73130-C5C0-BC40-D778-32B6F306276A}.Debug|Any CPU.ActiveCfg = Debug|Any CPU
		{EBD73130-C5C0-BC40-D778-32B6F306276A}.Debug|Any CPU.Build.0 = Debug|Any CPU
		{EBD73130-C5C0-BC40-D778-32B6F306276A}.Release|Any CPU.ActiveCfg = Release|Any CPU
		{EBD73130-C5C0-BC40-D778-32B6F306276A}.Release|Any CPU.Build.0 = Release|Any CPU
	EndGlobalSection
	GlobalSection(SolutionProperties) = preSolution
		HideSolutionNode = FALSE
	EndGlobalSection
EndGlobal
